
Microsoft Visual Studio Solution File, Format Version 12.00
# Visual Studio Version 17
VisualStudioVersion = 17.5.33516.290
MinimumVisualStudioVersion = 10.0.40219.1
Project("{FAE04EC0-301F-11D3-BF4B-00C04F79EFBC}") = "ModellazioneBiblioteca(28.4)", "ModellazioneBiblioteca(28.4)\ModellazioneBiblioteca(28.4).csproj", "{27ECE792-AA6A-4D01-A1D9-4730B7B35E27}"
EndProject
Global
	GlobalSection(SolutionConfigurationPlatforms) = preSolution
		Debug|Any CPU = Debug|Any CPU
		Release|Any CPU = Release|Any CPU
	EndGlobalSection
	GlobalSection(ProjectConfigurationPlatforms) = postSolution
		{27ECE792-AA6A-4D01-A1D9-4730B7B35E27}.Debug|Any CPU.ActiveCfg = Debug|Any CPU
		{27ECE792-AA6A-4D01-A1D9-4730B7B35E27}.Debug|Any CPU.Build.0 = Debug|Any CPU
		{27ECE792-AA6A-4D01-A1D9-4730B7B35E27}.Release|Any CPU.ActiveCfg = Release|Any CPU
		{27ECE792-AA6A-4D01-A1D9-4730B7B35E27}.Release|Any CPU.Build.0 = Release|Any CPU
	EndGlobalSection
	GlobalSection(SolutionProperties) = preSolution
		HideSolutionNode = FALSE
	EndGlobalSection
	GlobalSection(ExtensibilityGlobals) = postSolution
		SolutionGuid = {DBB8733A-A68E-46CB-90D3-F9D11D6EF0EB}
	EndGlobalSection
EndGlobal
